
Microsoft Visual Studio Solution File, Format Version 12.00
# Visual Studio Version 17
VisualStudioVersion = 17.1.32414.318
MinimumVisualStudioVersion = 10.0.40219.1
Project("{FAE04EC0-301F-11D3-BF4B-00C04F79EFBC}") = "modul8_1302202095", "modul8_1302202095\modul8_1302202095.csproj", "{0D9EC4A9-0B82-416F-859F-D8EE9AD9E936}"
EndProject
Global
	GlobalSection(SolutionConfigurationPlatforms) = preSolution
		Debug|Any CPU = Debug|Any CPU
		Release|Any CPU = Release|Any CPU
	EndGlobalSection
	GlobalSection(ProjectConfigurationPlatforms) = postSolution
		{0D9EC4A9-0B82-416F-859F-D8EE9AD9E936}.Debug|Any CPU.ActiveCfg = Debug|Any CPU
		{0D9EC4A9-0B82-416F-859F-D8EE9AD9E936}.Debug|Any CPU.Build.0 = Debug|Any CPU
		{0D9EC4A9-0B82-416F-859F-D8EE9AD9E936}.Release|Any CPU.ActiveCfg = Release|Any CPU
		{0D9EC4A9-0B82-416F-859F-D8EE9AD9E936}.Release|Any CPU.Build.0 = Release|Any CPU
	EndGlobalSection
	GlobalSection(SolutionProperties) = preSolution
		HideSolutionNode = FALSE
	EndGlobalSection
	GlobalSection(ExtensibilityGlobals) = postSolution
		SolutionGuid = {E965C98F-193B-4513-A8F8-09219671711D}
	EndGlobalSection
EndGlobal
